{
  "name": "airtable-swagger",
  "version": "1.0.0",
  "lockfileVersion": 3,
  "requires": true,
  "packages": {
    "": {
      "name": "airtable-swagger",
      "version": "1.0.0",
      "license": "ISC",
      "bin": {
        "airtable-swagger": "bin/airtable-to-swagger.js"
      },
      "devDependencies": {}
    }
  }
}
